
Microsoft Visual Studio Solution File, Format Version 12.00
# Visual Studio 15
VisualStudioVersion = 15.0.26730.16
MinimumVisualStudioVersion = 10.0.40219.1
Project("{9A19103F-16F7-4668-BE54-9A1E7A4F7556}") = "ModbusTcp", "ModbusTcp\ModbusTcp.csproj", "{6E96CEF2-8F2E-4930-B40F-0BA2E9BD8A90}"
EndProject
Project("{FAE04EC0-301F-11D3-BF4B-00C04F79EFBC}") = "ModbusTcp.Tests", "ModbusTcp.Tests\ModbusTcp.Tests.csproj", "{1F76C4BE-9499-4608-906B-F0803CFAAE0B}"
EndProject
Global
	GlobalSection(SolutionConfigurationPlatforms) = preSolution
		Debug|Any CPU = Debug|Any CPU
		Release|Any CPU = Release|Any CPU
	EndGlobalSection
	GlobalSection(ProjectConfigurationPlatforms) = postSolution
		{6E96CEF2-8F2E-4930-B40F-0BA2E9BD8A90}.Debug|Any CPU.ActiveCfg = Debug|Any CPU
		{6E96CEF2-8F2E-4930-B40F-0BA2E9BD8A90}.Debug|Any CPU.Build.0 = Debug|Any CPU
		{6E96CEF2-8F2E-4930-B40F-0BA2E9BD8A90}.Release|Any CPU.ActiveCfg = Release|Any CPU
		{6E96CEF2-8F2E-4930-B40F-0BA2E9BD8A90}.Release|Any CPU.Build.0 = Release|Any CPU
		{1F76C4BE-9499-4608-906B-F0803CFAAE0B}.Debug|Any CPU.ActiveCfg = Debug|Any CPU
		{1F76C4BE-9499-4608-906B-F0803CFAAE0B}.Debug|Any CPU.Build.0 = Debug|Any CPU
		{1F76C4BE-9499-4608-906B-F0803CFAAE0B}.Release|Any CPU.ActiveCfg = Release|Any CPU
		{1F76C4BE-9499-4608-906B-F0803CFAAE0B}.Release|Any CPU.Build.0 = Release|Any CPU
	EndGlobalSection
	GlobalSection(SolutionProperties) = preSolution
		HideSolutionNode = FALSE
	EndGlobalSection
	GlobalSection(ExtensibilityGlobals) = postSolution
		SolutionGuid = {9B27B68E-9A82-483C-B4FC-2DADC2FAAF86}
	EndGlobalSection
EndGlobal
