
Microsoft Visual Studio Solution File, Format Version 12.00
# Visual Studio 15
VisualStudioVersion = 15.0.26730.16
MinimumVisualStudioVersion = 10.0.40219.1
Project("{9A19103F-16F7-4668-BE54-9A1E7A4F7556}") = "ModbusTcp", "ModbusTcp.csproj", "{6E96CEF2-8F2E-4930-B40F-0BA2E9BD8A90}"
EndProject
Project("{FAE04EC0-301F-11D3-BF4B-00C04F79EFBC}") = "ModbusTcp.Tester", "..\ModbusTcp.Tester\ModbusTcp.Tester.csproj", "{E662E958-439C-4BC3-84E9-A2E8EE2198DE}"
EndProject
Global
	GlobalSection(SolutionConfigurationPlatforms) = preSolution
		Debug|Any CPU = Debug|Any CPU
		Release|Any CPU = Release|Any CPU
	EndGlobalSection
	GlobalSection(ProjectConfigurationPlatforms) = postSolution
		{6E96CEF2-8F2E-4930-B40F-0BA2E9BD8A90}.Debug|Any CPU.ActiveCfg = Debug|Any CPU
		{6E96CEF2-8F2E-4930-B40F-0BA2E9BD8A90}.Debug|Any CPU.Build.0 = Debug|Any CPU
		{6E96CEF2-8F2E-4930-B40F-0BA2E9BD8A90}.Release|Any CPU.ActiveCfg = Release|Any CPU
		{6E96CEF2-8F2E-4930-B40F-0BA2E9BD8A90}.Release|Any CPU.Build.0 = Release|Any CPU
		{E662E958-439C-4BC3-84E9-A2E8EE2198DE}.Debug|Any CPU.ActiveCfg = Debug|Any CPU
		{E662E958-439C-4BC3-84E9-A2E8EE2198DE}.Debug|Any CPU.Build.0 = Debug|Any CPU
		{E662E958-439C-4BC3-84E9-A2E8EE2198DE}.Release|Any CPU.ActiveCfg = Release|Any CPU
		{E662E958-439C-4BC3-84E9-A2E8EE2198DE}.Release|Any CPU.Build.0 = Release|Any CPU
	EndGlobalSection
	GlobalSection(SolutionProperties) = preSolution
		HideSolutionNode = FALSE
	EndGlobalSection
	GlobalSection(ExtensibilityGlobals) = postSolution
		SolutionGuid = {9B27B68E-9A82-483C-B4FC-2DADC2FAAF86}
	EndGlobalSection
EndGlobal
